
Microsoft Visual Studio Solution File, Format Version 12.00
# Visual Studio 15
VisualStudioVersion = 15.0.28307.421
MinimumVisualStudioVersion = 10.0.40219.1
Project("{FAE04EC0-301F-11D3-BF4B-00C04F79EFBC}") = "HotelServicesNetCore", "HotelServicesNetCore\HotelServicesNetCore.csproj", "{C8F1EF1F-4947-4C04-A136-DCBC1C3210A0}"
EndProject
Global
	GlobalSection(SolutionConfigurationPlatforms) = preSolution
		Debug|Any CPU = Debug|Any CPU
		Release|Any CPU = Release|Any CPU
	EndGlobalSection
	GlobalSection(ProjectConfigurationPlatforms) = postSolution
		{C8F1EF1F-4947-4C04-A136-DCBC1C3210A0}.Debug|Any CPU.ActiveCfg = Debug|Any CPU
		{C8F1EF1F-4947-4C04-A136-DCBC1C3210A0}.Debug|Any CPU.Build.0 = Debug|Any CPU
		{C8F1EF1F-4947-4C04-A136-DCBC1C3210A0}.Release|Any CPU.ActiveCfg = Release|Any CPU
		{C8F1EF1F-4947-4C04-A136-DCBC1C3210A0}.Release|Any CPU.Build.0 = Release|Any CPU
	EndGlobalSection
	GlobalSection(SolutionProperties) = preSolution
		HideSolutionNode = FALSE
	EndGlobalSection
	GlobalSection(ExtensibilityGlobals) = postSolution
		SolutionGuid = {BFC249B0-C007-4DCD-A462-4B3223293DDE}
	EndGlobalSection
EndGlobal
